
Microsoft Visual Studio Solution File, Format Version 12.00
# Visual Studio Version 17
VisualStudioVersion = 17.8.34330.188
MinimumVisualStudioVersion = 10.0.40219.1
Project("{FAE04EC0-301F-11D3-BF4B-00C04F79EFBC}") = "AutoTask Ticket Manager - Base", "AutoTask Ticket Manager - Base.csproj", "{FE461F62-1783-4040-BFBD-A762C3C14326}"
EndProject
Global
	GlobalSection(SolutionConfigurationPlatforms) = preSolution
		Debug|Any CPU = Debug|Any CPU
		Release|Any CPU = Release|Any CPU
	EndGlobalSection
	GlobalSection(ProjectConfigurationPlatforms) = postSolution
		{FE461F62-1783-4040-BFBD-A762C3C14326}.Debug|Any CPU.ActiveCfg = Debug|Any CPU
		{FE461F62-1783-4040-BFBD-A762C3C14326}.Debug|Any CPU.Build.0 = Debug|Any CPU
		{FE461F62-1783-4040-BFBD-A762C3C14326}.Release|Any CPU.ActiveCfg = Release|Any CPU
		{FE461F62-1783-4040-BFBD-A762C3C14326}.Release|Any CPU.Build.0 = Release|Any CPU
	EndGlobalSection
	GlobalSection(SolutionProperties) = preSolution
		HideSolutionNode = FALSE
	EndGlobalSection
	GlobalSection(ExtensibilityGlobals) = postSolution
		SolutionGuid = {D1EA246A-83AC-4FB4-A75A-D7F2E1284D77}
	EndGlobalSection
EndGlobal
